
Microsoft Visual Studio Solution File, Format Version 11.00
# Visual Studio 2010
Project("{FAE04EC0-301F-11D3-BF4B-00C04F79EFBC}") = "AR_DumixSDK", "Assembly-CSharp.csproj", "{C1264B0C-8EED-BFB2-10C8-D7F9449FE3D1}"
EndProject
Project("{FAE04EC0-301F-11D3-BF4B-00C04F79EFBC}") = "AR_DumixSDK", "Assembly-CSharp-Editor.csproj", "{75C42EF8-8909-ADAE-8EC2-FD4D87CDCF31}"
EndProject
Global
	GlobalSection(SolutionConfigurationPlatforms) = preSolution
		Debug|Any CPU = Debug|Any CPU
		Release|Any CPU = Release|Any CPU
	EndGlobalSection
	GlobalSection(ProjectConfigurationPlatforms) = postSolution
		{C1264B0C-8EED-BFB2-10C8-D7F9449FE3D1}.Debug|Any CPU.ActiveCfg = Debug|Any CPU
		{C1264B0C-8EED-BFB2-10C8-D7F9449FE3D1}.Debug|Any CPU.Build.0 = Debug|Any CPU
		{C1264B0C-8EED-BFB2-10C8-D7F9449FE3D1}.Release|Any CPU.ActiveCfg = Release|Any CPU
		{C1264B0C-8EED-BFB2-10C8-D7F9449FE3D1}.Release|Any CPU.Build.0 = Release|Any CPU
		{75C42EF8-8909-ADAE-8EC2-FD4D87CDCF31}.Debug|Any CPU.ActiveCfg = Debug|Any CPU
		{75C42EF8-8909-ADAE-8EC2-FD4D87CDCF31}.Debug|Any CPU.Build.0 = Debug|Any CPU
		{75C42EF8-8909-ADAE-8EC2-FD4D87CDCF31}.Release|Any CPU.ActiveCfg = Release|Any CPU
		{75C42EF8-8909-ADAE-8EC2-FD4D87CDCF31}.Release|Any CPU.Build.0 = Release|Any CPU
	EndGlobalSection
	GlobalSection(SolutionProperties) = preSolution
		HideSolutionNode = FALSE
	EndGlobalSection
	GlobalSection(MonoDevelopProperties) = preSolution
		StartupItem = Assembly-CSharp.csproj
	EndGlobalSection
EndGlobal
